// !$*UTF8*$!
{
	archiveVersion = 1;
	classes = {
	};
	objectVersion = 50;
	objects = {

/* Begin PBXBuildFile section */
		4D867563C1DC5B335EA101D1 /* libPods-Weather.a in Frameworks */ = {isa = PBXBuildFile; fileRef = DCF9B64795C6EDB15636FBA8 /* libPods-Weather.a */; };
		84070FCA230DE2E500367E64 /* ParseJson.swift in Sources */ = {isa = PBXBuildFile; fileRef = 84070FC9230DE2E500367E64 /* ParseJson.swift */; };
		842CD6722291F033001B2547 /* AppDelegate.swift in Sources */ = {isa = PBXBuildFile; fileRef = 842CD6712291F033001B2547 /* AppDelegate.swift */; };
		842CD6742291F034001B2547 /* ViewController.swift in Sources */ = {isa = PBXBuildFile; fileRef = 842CD6732291F034001B2547 /* ViewController.swift */; };
		842CD6772291F034001B2547 /* Main.storyboard in Resources */ = {isa = PBXBuildFile; fileRef = 842CD6752291F034001B2547 /* Main.storyboard */; };
		842CD6792291F061001B2547 /* Assets.xcassets in Resources */ = {isa = PBXBuildFile; fileRef = 842CD6782291F061001B2547 /* Assets.xcassets */; };
		842CD67C2291F061001B2547 /* LaunchScreen.storyboard in Resources */ = {isa = PBXBuildFile; fileRef = 842CD67A2291F061001B2547 /* LaunchScreen.storyboard */; };
		848B4FDE22EE01B100AA9D8E /* Weather.swift in Sources */ = {isa = PBXBuildFile; fileRef = 848B4FDD22EE01B100AA9D8E /* Weather.swift */; };
/* End PBXBuildFile section */

/* Begin PBXFileReference section */
		84070FC9230DE2E500367E64 /* ParseJson.swift */ = {isa = PBXFileReference; lastKnownFileType = sourcecode.swift; path = ParseJson.swift; sourceTree = "<group>"; };
		842CD66E2291F033001B2547 /* Weather.app */ = {isa = PBXFileReference; explicitFileType = wrapper.application; includeInIndex = 0; path = Weather.app; sourceTree = BUILT_PRODUCTS_DIR; };
		842CD6712291F033001B2547 /* AppDelegate.swift */ = {isa = PBXFileReference; lastKnownFileType = sourcecode.swift; path = AppDelegate.swift; sourceTree = "<group>"; };
		842CD6732291F034001B2547 /* ViewController.swift */ = {isa = PBXFileReference; lastKnownFileType = sourcecode.swift; path = ViewController.swift; sourceTree = "<group>"; };
		842CD6762291F034001B2547 /* Base */ = {isa = PBXFileReference; lastKnownFileType = file.storyboard; name = Base; path = Base.lproj/Main.storyboard; sourceTree = "<group>"; };
		842CD6782291F061001B2547 /* Assets.xcassets */ = {isa = PBXFileReference; lastKnownFileType = folder.assetcatalog; path = Assets.xcassets; sourceTree = "<group>"; };
		842CD67B2291F061001B2547 /* Base */ = {isa = PBXFileReference; lastKnownFileType = file.storyboard; name = Base; path = Base.lproj/LaunchScreen.storyboard; sourceTree = "<group>"; };
		842CD67D2291F061001B2547 /* Info.plist */ = {isa = PBXFileReference; lastKnownFileType = text.plist.xml; path = Info.plist; sourceTree = "<group>"; };
		848B4FDD22EE01B100AA9D8E /* Weather.swift */ = {isa = PBXFileReference; lastKnownFileType = sourcecode.swift; path = Weather.swift; sourceTree = "<group>"; };
		D4B06A05DFC09304A5AEC033 /* Pods-Weather.debug.xcconfig */ = {isa = PBXFileReference; includeInIndex = 1; lastKnownFileType = text.xcconfig; name = "Pods-Weather.debug.xcconfig"; path = "Target Support Files/Pods-Weather/Pods-Weather.debug.xcconfig"; sourceTree = "<group>"; };
		DCF9B64795C6EDB15636FBA8 /* libPods-Weather.a */ = {isa = PBXFileReference; explicitFileType = archive.ar; includeInIndex = 0; path = "libPods-Weather.a"; sourceTree = BUILT_PRODUCTS_DIR; };
		F6AE021C6823C67989CF4421 /* Pods-Weather.release.xcconfig */ = {isa = PBXFileReference; includeInIndex = 1; lastKnownFileType = text.xcconfig; name = "Pods-Weather.release.xcconfig"; path = "Target Support Files/Pods-Weather/Pods-Weather.release.xcconfig"; sourceTree = "<group>"; };
/* End PBXFileReference section */

/* Begin PBXFrameworksBuildPhase section */
		842CD66B2291F031001B2547 /* Frameworks */ = {
			isa = PBXFrameworksBuildPhase;
			buildActionMask = 2147483647;
			files = (
				4D867563C1DC5B335EA101D1 /* libPods-Weather.a in Frameworks */,
			);
			runOnlyForDeploymentPostprocessing = 0;
		};
/* End PBXFrameworksBuildPhase section */

/* Begin PBXGroup section */
		54C4292D7EFC6FAFCA34140E /* Frameworks */ = {
			isa = PBXGroup;
			children = (
				DCF9B64795C6EDB15636FBA8 /* libPods-Weather.a */,
			);
			name = Frameworks;
			sourceTree = "<group>";
		};
		842CD6652291F02F001B2547 = {
			isa = PBXGroup;
			children = (
				842CD6702291F033001B2547 /* Weather */,
				842CD66F2291F033001B2547 /* Products */,
				D59DFF49772B9E17DC1046BF /* Pods */,
				54C4292D7EFC6FAFCA34140E /* Frameworks */,
			);
			sourceTree = "<group>";
		};
		842CD66F2291F033001B2547 /* Products */ = {
			isa = PBXGroup;
			children = (
				842CD66E2291F033001B2547 /* Weather.app */,
			);
			name = Products;
			sourceTree = "<group>";
		};
		842CD6702291F033001B2547 /* Weather */ = {
			isa = PBXGroup;
			children = (
				842CD6712291F033001B2547 /* AppDelegate.swift */,
				842CD6732291F034001B2547 /* ViewController.swift */,
				842CD6752291F034001B2547 /* Main.storyboard */,
				842CD6782291F061001B2547 /* Assets.xcassets */,
				842CD67A2291F061001B2547 /* LaunchScreen.storyboard */,
				842CD67D2291F061001B2547 /* Info.plist */,
				848B4FDD22EE01B100AA9D8E /* Weather.swift */,
				84070FC9230DE2E500367E64 /* ParseJson.swift */,
			);
			path = Weather;
			sourceTree = "<group>";
		};
		D59DFF49772B9E17DC1046BF /* Pods */ = {
			isa = PBXGroup;
			children = (
				D4B06A05DFC09304A5AEC033 /* Pods-Weather.debug.xcconfig */,
				F6AE021C6823C67989CF4421 /* Pods-Weather.release.xcconfig */,
			);
			path = Pods;
			sourceTree = "<group>";
		};
/* End PBXGroup section */

/* Begin PBXNativeTarget section */
		842CD66D2291F031001B2547 /* Weather */ = {
			isa = PBXNativeTarget;
			buildConfigurationList = 842CD6802291F061001B2547 /* Build configuration list for PBXNativeTarget "Weather" */;
			buildPhases = (
				0273CE3980C1841E59931571 /* [CP] Check Pods Manifest.lock */,
				842CD66A2291F031001B2547 /* Sources */,
				842CD66B2291F031001B2547 /* Frameworks */,
				842CD66C2291F031001B2547 /* Resources */,
			);
			buildRules = (
			);
			dependencies = (
			);
			name = Weather;
			productName = Weather;
			productReference = 842CD66E2291F033001B2547 /* Weather.app */;
			productType = "com.apple.product-type.application";
		};
/* End PBXNativeTarget section */

/* Begin PBXProject section */
		842CD6662291F02F001B2547 /* Project object */ = {
			isa = PBXProject;
			attributes = {
				LastSwiftUpdateCheck = 1020;
				LastUpgradeCheck = 1020;
				ORGANIZATIONNAME = Admin;
				TargetAttributes = {
					842CD66D2291F031001B2547 = {
						CreatedOnToolsVersion = 10.2.1;
					};
				};
			};
			buildConfigurationList = 842CD6692291F030001B2547 /* Build configuration list for PBXProject "Weather" */;
			compatibilityVersion = "Xcode 9.3";
			developmentRegion = en;
			hasScannedForEncodings = 0;
			knownRegions = (
				en,
				Base,
			);
			mainGroup = 842CD6652291F02F001B2547;
			productRefGroup = 842CD66F2291F033001B2547 /* Products */;
			projectDirPath = "";
			projectRoot = "";
			targets = (
				842CD66D2291F031001B2547 /* Weather */,
			);
		};
/* End PBXProject section */

/* Begin PBXResourcesBuildPhase section */
		842CD66C2291F031001B2547 /* Resources */ = {
			isa = PBXResourcesBuildPhase;
			buildActionMask = 2147483647;
			files = (
				842CD67C2291F061001B2547 /* LaunchScreen.storyboard in Resources */,
				842CD6792291F061001B2547 /* Assets.xcassets in Resources */,
				842CD6772291F034001B2547 /* Main.storyboard in Resources */,
			);
			runOnlyForDeploymentPostprocessing = 0;
		};
/* End PBXResourcesBuildPhase section */

/* Begin PBXShellScriptBuildPhase section */
		0273CE3980C1841E59931571 /* [CP] Check Pods Manifest.lock */ = {
			isa = PBXShellScriptBuildPhase;
			buildActionMask = 2147483647;
			files = (
			);
			inputFileListPaths = (
			);
			inputPaths = (
				"${PODS_PODFILE_DIR_PATH}/Podfile.lock",
				"${PODS_ROOT}/Manifest.lock",
			);
			name = "[CP] Check Pods Manifest.lock";
			outputFileListPaths = (
			);
			outputPaths = (
				"$(DERIVED_FILE_DIR)/Pods-Weather-checkManifestLockResult.txt",
			);
			runOnlyForDeploymentPostprocessing = 0;
			shellPath = /bin/sh;
			shellScript = "diff \"${PODS_PODFILE_DIR_PATH}/Podfile.lock\" \"${PODS_ROOT}/Manifest.lock\" > /dev/null\nif [ $? != 0 ] ; then\n    # print error to STDERR\n    echo \"error: The sandbox is not in sync with the Podfile.lock. Run 'pod install' or update your CocoaPods installation.\" >&2\n    exit 1\nfi\n# This output is used by Xcode 'outputs' to avoid re-running this script phase.\necho \"SUCCESS\" > \"${SCRIPT_OUTPUT_FILE_0}\"\n";
			showEnvVarsInLog = 0;
		};
/* End PBXShellScriptBuildPhase section */

/* Begin PBXSourcesBuildPhase section */
		842CD66A2291F031001B2547 /* Sources */ = {
			isa = PBXSourcesBuildPhase;
			buildActionMask = 2147483647;
			files = (
				842CD6742291F034001B2547 /* ViewController.swift in Sources */,
				848B4FDE22EE01B100AA9D8E /* Weather.swift in Sources */,
				842CD6722291F033001B2547 /* AppDelegate.swift in Sources */,
				84070FCA230DE2E500367E64 /* ParseJson.swift in Sources */,
			);
			runOnlyForDeploymentPostprocessing = 0;
		};
/* End PBXSourcesBuildPhase section */

/* Begin PBXVariantGroup section */
		842CD6752291F034001B2547 /* Main.storyboard */ = {
			isa = PBXVariantGroup;
			children = (
				842CD6762291F034001B2547 /* Base */,
			);
			name = Main.storyboard;
			sourceTree = "<group>";
		};
		842CD67A2291F061001B2547 /* LaunchScreen.storyboard */ = {
			isa = PBXVariantGroup;
			children = (
				842CD67B2291F061001B2547 /* Base */,
			);
			name = LaunchScreen.storyboard;
			sourceTree = "<group>";
		};
/* End PBXVariantGroup section */

/* Begin XCBuildConfiguration section */
		842CD67E2291F061001B2547 /* Debug */ = {
			isa = XCBuildConfiguration;
			buildSettings = {
				ALWAYS_SEARCH_USER_PATHS = NO;
				CLANG_ANALYZER_NONNULL = YES;
				CLANG_ANALYZER_NUMBER_OBJECT_CONVERSION = YES_AGGRESSIVE;
				CLANG_CXX_LANGUAGE_STANDARD = "gnu++14";
				CLANG_CXX_LIBRARY = "libc++";
				CLANG_ENABLE_MODULES = YES;
				CLANG_ENABLE_OBJC_ARC = YES;
				CLANG_ENABLE_OBJC_WEAK = YES;
				CLANG_WARN_BLOCK_CAPTURE_AUTORELEASING = YES;
				CLANG_WARN_BOOL_CONVERSION = YES;
				CLANG_WARN_COMMA = YES;
				CLANG_WARN_CONSTANT_CONVERSION = YES;
				CLANG_WARN_DEPRECATED_OBJC_IMPLEMENTATIONS = YES;
				CLANG_WARN_DIRECT_OBJC_ISA_USAGE = YES_ERROR;
				CLANG_WARN_DOCUMENTATION_COMMENTS = YES;
				CLANG_WARN_EMPTY_BODY = YES;
				CLANG_WARN_ENUM_CONVERSION = YES;
				CLANG_WARN_INFINITE_RECURSION = YES;
				CLANG_WARN_INT_CONVERSION = YES;
				CLANG_WARN_NON_LITERAL_NULL_CONVERSION = YES;
				CLANG_WARN_OBJC_IMPLICIT_RETAIN_SELF = YES;
				CLANG_WARN_OBJC_LITERAL_CONVERSION = YES;
				CLANG_WARN_OBJC_ROOT_CLASS = YES_ERROR;
				CLANG_WARN_RANGE_LOOP_ANALYSIS = YES;
				CLANG_WARN_STRICT_PROTOTYPES = YES;
				CLANG_WARN_SUSPICIOUS_MOVE = YES;
				CLANG_WARN_UNGUARDED_AVAILABILITY = YES_AGGRESSIVE;
				CLANG_WARN_UNREACHABLE_CODE = YES;
				CLANG_WARN__DUPLICATE_METHOD_MATCH = YES;
				CODE_SIGN_IDENTITY = "iPhone Developer";
				COPY_PHASE_STRIP = NO;
				DEBUG_INFORMATION_FORMAT = dwarf;
				ENABLE_STRICT_OBJC_MSGSEND = YES;
				ENABLE_TESTABILITY = YES;
				GCC_C_LANGUAGE_STANDARD = gnu11;
				GCC_DYNAMIC_NO_PIC = NO;
				GCC_NO_COMMON_BLOCKS = YES;
				GCC_OPTIMIZATION_LEVEL = 0;
				GCC_PREPROCESSOR_DEFINITIONS = (
					"DEBUG=1",
					"$(inherited)",
				);
				GCC_WARN_64_TO_32_BIT_CONVERSION = YES;
				GCC_WARN_ABOUT_RETURN_TYPE = YES_ERROR;
				GCC_WARN_UNDECLARED_SELECTOR = YES;
				GCC_WARN_UNINITIALIZED_AUTOS = YES_AGGRESSIVE;
				GCC_WARN_UNUSED_FUNCTION = YES;
				GCC_WARN_UNUSED_VARIABLE = YES;
				IPHONEOS_DEPLOYMENT_TARGET = 12.2;
				MTL_ENABLE_DEBUG_INFO = INCLUDE_SOURCE;
				MTL_FAST_MATH = YES;
				ONLY_ACTIVE_ARCH = YES;
				SDKROOT = iphoneos;
				SWIFT_ACTIVE_COMPILATION_CONDITIONS = DEBUG;
				SWIFT_OPTIMIZATION_LEVEL = "-Onone";
			};
			name = Debug;
		};
		842CD67F2291F061001B2547 /* Release */ = {
			isa = XCBuildConfiguration;
			buildSettings = {
				ALWAYS_SEARCH_USER_PATHS = NO;
				CLANG_ANALYZER_NONNULL = YES;
				CLANG_ANALYZER_NUMBER_OBJECT_CONVERSION = YES_AGGRESSIVE;
				CLANG_CXX_LANGUAGE_STANDARD = "gnu++14";
				CLANG_CXX_LIBRARY = "libc++";
				CLANG_ENABLE_MODULES = YES;
				CLANG_ENABLE_OBJC_ARC = YES;
				CLANG_ENABLE_OBJC_WEAK = YES;
				CLANG_WARN_BLOCK_CAPTURE_AUTORELEASING = YES;
				CLANG_WARN_BOOL_CONVERSION = YES;
				CLANG_WARN_COMMA = YES;
				CLANG_WARN_CONSTANT_CONVERSION = YES;
				CLANG_WARN_DEPRECATED_OBJC_IMPLEMENTATIONS = YES;
				CLANG_WARN_DIRECT_OBJC_ISA_USAGE = YES_ERROR;
				CLANG_WARN_DOCUMENTATION_COMMENTS = YES;
				CLANG_WARN_EMPTY_BODY = YES;
				CLANG_WARN_ENUM_CONVERSION = YES;
				CLANG_WARN_INFINITE_RECURSION = YES;
				CLANG_WARN_INT_CONVERSION = YES;
				CLANG_WARN_NON_LITERAL_NULL_CONVERSION = YES;
				CLANG_WARN_OBJC_IMPLICIT_RETAIN_SELF = YES;
				CLANG_WARN_OBJC_LITERAL_CONVERSION = YES;
				CLANG_WARN_OBJC_ROOT_CLASS = YES_ERROR;
				CLANG_WARN_RANGE_LOOP_ANALYSIS = YES;
				CLANG_WARN_STRICT_PROTOTYPES = YES;
				CLANG_WARN_SUSPICIOUS_MOVE = YES;
				CLANG_WARN_UNGUARDED_AVAILABILITY = YES_AGGRESSIVE;
				CLANG_WARN_UNREACHABLE_CODE = YES;
				CLANG_WARN__DUPLICATE_METHOD_MATCH = YES;
				CODE_SIGN_IDENTITY = "iPhone Developer";
				COPY_PHASE_STRIP = NO;
				DEBUG_INFORMATION_FORMAT = "dwarf-with-dsym";
				ENABLE_NS_ASSERTIONS = NO;
				ENABLE_STRICT_OBJC_MSGSEND = YES;
				GCC_C_LANGUAGE_STANDARD = gnu11;
				GCC_NO_COMMON_BLOCKS = YES;
				GCC_WARN_64_TO_32_BIT_CONVERSION = YES;
				GCC_WARN_ABOUT_RETURN_TYPE = YES_ERROR;
				GCC_WARN_UNDECLARED_SELECTOR = YES;
				GCC_WARN_UNINITIALIZED_AUTOS = YES_AGGRESSIVE;
				GCC_WARN_UNUSED_FUNCTION = YES;
				GCC_WARN_UNUSED_VARIABLE = YES;
				IPHONEOS_DEPLOYMENT_TARGET = 12.2;
				MTL_ENABLE_DEBUG_INFO = NO;
				MTL_FAST_MATH = YES;
				SDKROOT = iphoneos;
				SWIFT_COMPILATION_MODE = wholemodule;
				SWIFT_OPTIMIZATION_LEVEL = "-O";
				VALIDATE_PRODUCT = YES;
			};
			name = Release;
		};
		842CD6812291F061001B2547 /* Debug */ = {
			isa = XCBuildConfiguration;
			baseConfigurationReference = D4B06A05DFC09304A5AEC033 /* Pods-Weather.debug.xcconfig */;
			buildSettings = {
				ASSETCATALOG_COMPILER_APPICON_NAME = AppIcon;
				CODE_SIGN_STYLE = Automatic;
				DEVELOPMENT_TEAM = LJ4YNMUL4Z;
				INFOPLIST_FILE = Weather/Info.plist;
				LD_RUNPATH_SEARCH_PATHS = (
					"$(inherited)",
					"@executable_path/Frameworks",
				);
				PRODUCT_BUNDLE_IDENTIFIER = com.com.Weather;
				PRODUCT_NAME = "$(TARGET_NAME)";
				SWIFT_VERSION = 5.0;
				TARGETED_DEVICE_FAMILY = "1,2";
			};
			name = Debug;
		};
		842CD6822291F061001B2547 /* Release */ = {
			isa = XCBuildConfiguration;
			baseConfigurationReference = F6AE021C6823C67989CF4421 /* Pods-Weather.release.xcconfig */;
			buildSettings = {
				ASSETCATALOG_COMPILER_APPICON_NAME = AppIcon;
				CODE_SIGN_STYLE = Automatic;
				DEVELOPMENT_TEAM = LJ4YNMUL4Z;
				INFOPLIST_FILE = Weather/Info.plist;
				LD_RUNPATH_SEARCH_PATHS = (
					"$(inherited)",
					"@executable_path/Frameworks",
				);
				PRODUCT_BUNDLE_IDENTIFIER = com.com.Weather;
				PRODUCT_NAME = "$(TARGET_NAME)";
				SWIFT_VERSION = 5.0;
				TARGETED_DEVICE_FAMILY = "1,2";
			};
			name = Release;
		};
/* End XCBuildConfiguration section */

/* Begin XCConfigurationList section */
		842CD6692291F030001B2547 /* Build configuration list for PBXProject "Weather" */ = {
			isa = XCConfigurationList;
			buildConfigurations = (
				842CD67E2291F061001B2547 /* Debug */,
				842CD67F2291F061001B2547 /* Release */,
			);
			defaultConfigurationIsVisible = 0;
			defaultConfigurationName = Release;
		};
		842CD6802291F061001B2547 /* Build configuration list for PBXNativeTarget "Weather" */ = {
			isa = XCConfigurationList;
			buildConfigurations = (
				842CD6812291F061001B2547 /* Debug */,
				842CD6822291F061001B2547 /* Release */,
			);
			defaultConfigurationIsVisible = 0;
			defaultConfigurationName = Release;
		};
/* End XCConfigurationList section */
	};
	rootObject = 842CD6662291F02F001B2547 /* Project object */;
}
